{
  "name": "demo",
  "version": "0.0.1",
  "lockfileVersion": 1,
  "requires": true,
  "dependencies": {
    "@log4js-node/log4js-api": {
      "version": "1.0.2",
      "resolved": "https://registry.npmjs.org/@log4js-node/log4js-api/-/log4js-api-1.0.2.tgz",
      "integrity": "sha512-6SJfx949YEWooh/CUPpJ+F491y4BYJmknz4hUN1+RHvKoUEynKbRmhnwbk/VLmh4OthLLDNCyWXfbh4DG1cTXA=="
    },
    "tms-koa-account": {
      "version": "github:jasony62/tms-koa-account#d66de14213cd3069740cb9b74d8228065857856b",
      "from": "github:jasony62/tms-koa-account",
      "requires": {
        "@log4js-node/log4js-api": "^1.0.2"
      }
    }
  }
}
